
Microsoft Visual Studio Solution File, Format Version 12.00
# Visual Studio Version 17
VisualStudioVersion = 17.11.35312.102
MinimumVisualStudioVersion = 10.0.40219.1
Project("{FAE04EC0-301F-11D3-BF4B-00C04F79EFBC}") = "Todo.UI", "Todo.UI\Todo.UI.csproj", "{B390328D-2DCC-46F3-86C1-5A50E60CD3E1}"
EndProject
Global
	GlobalSection(SolutionConfigurationPlatforms) = preSolution
		Debug|Any CPU = Debug|Any CPU
		Release|Any CPU = Release|Any CPU
	EndGlobalSection
	GlobalSection(ProjectConfigurationPlatforms) = postSolution
		{B390328D-2DCC-46F3-86C1-5A50E60CD3E1}.Debug|Any CPU.ActiveCfg = Debug|Any CPU
		{B390328D-2DCC-46F3-86C1-5A50E60CD3E1}.Debug|Any CPU.Build.0 = Debug|Any CPU
		{B390328D-2DCC-46F3-86C1-5A50E60CD3E1}.Debug|Any CPU.Deploy.0 = Debug|Any CPU
		{B390328D-2DCC-46F3-86C1-5A50E60CD3E1}.Release|Any CPU.ActiveCfg = Release|Any CPU
		{B390328D-2DCC-46F3-86C1-5A50E60CD3E1}.Release|Any CPU.Build.0 = Release|Any CPU
		{B390328D-2DCC-46F3-86C1-5A50E60CD3E1}.Release|Any CPU.Deploy.0 = Release|Any CPU
	EndGlobalSection
	GlobalSection(SolutionProperties) = preSolution
		HideSolutionNode = FALSE
	EndGlobalSection
	GlobalSection(ExtensibilityGlobals) = postSolution
		SolutionGuid = {CB854071-FD5F-4CE7-AEF1-46541A66566C}
	EndGlobalSection
EndGlobal
